
Microsoft Visual Studio Solution File, Format Version 12.00
# Visual Studio Version 16
VisualStudioVersion = 16.0.30114.105
MinimumVisualStudioVersion = 10.0.40219.1
Project("{9A19103F-16F7-4668-BE54-9A1E7A4F7556}") = "001", "001\001.csproj", "{66285B17-B3E5-43F9-914F-66679DD2A1F3}"
EndProject
Project("{9A19103F-16F7-4668-BE54-9A1E7A4F7556}") = "002", "002\002.csproj", "{1C6DE9D5-FE48-4DCF-B6AA-8259AF4475C8}"
EndProject
Project("{9A19103F-16F7-4668-BE54-9A1E7A4F7556}") = "003", "003\003.csproj", "{449AE1E1-3476-4CF3-803D-65E933DF9570}"
EndProject
Project("{FAE04EC0-301F-11D3-BF4B-00C04F79EFBC}") = "011", "011\011.csproj", "{2A5D183B-3703-4527-B244-E93DCFAE8199}"
EndProject
Project("{FAE04EC0-301F-11D3-BF4B-00C04F79EFBC}") = "012", "012\012.csproj", "{134500E0-E2C6-41F2-AD98-421600339011}"
EndProject
Global
	GlobalSection(SolutionConfigurationPlatforms) = preSolution
		Debug|Any CPU = Debug|Any CPU
		Release|Any CPU = Release|Any CPU
	EndGlobalSection
	GlobalSection(ProjectConfigurationPlatforms) = postSolution
		{66285B17-B3E5-43F9-914F-66679DD2A1F3}.Debug|Any CPU.ActiveCfg = Debug|Any CPU
		{66285B17-B3E5-43F9-914F-66679DD2A1F3}.Debug|Any CPU.Build.0 = Debug|Any CPU
		{66285B17-B3E5-43F9-914F-66679DD2A1F3}.Release|Any CPU.ActiveCfg = Release|Any CPU
		{66285B17-B3E5-43F9-914F-66679DD2A1F3}.Release|Any CPU.Build.0 = Release|Any CPU
		{1C6DE9D5-FE48-4DCF-B6AA-8259AF4475C8}.Debug|Any CPU.ActiveCfg = Debug|Any CPU
		{1C6DE9D5-FE48-4DCF-B6AA-8259AF4475C8}.Debug|Any CPU.Build.0 = Debug|Any CPU
		{1C6DE9D5-FE48-4DCF-B6AA-8259AF4475C8}.Release|Any CPU.ActiveCfg = Release|Any CPU
		{1C6DE9D5-FE48-4DCF-B6AA-8259AF4475C8}.Release|Any CPU.Build.0 = Release|Any CPU
		{449AE1E1-3476-4CF3-803D-65E933DF9570}.Debug|Any CPU.ActiveCfg = Debug|Any CPU
		{449AE1E1-3476-4CF3-803D-65E933DF9570}.Debug|Any CPU.Build.0 = Debug|Any CPU
		{449AE1E1-3476-4CF3-803D-65E933DF9570}.Release|Any CPU.ActiveCfg = Release|Any CPU
		{449AE1E1-3476-4CF3-803D-65E933DF9570}.Release|Any CPU.Build.0 = Release|Any CPU
		{2A5D183B-3703-4527-B244-E93DCFAE8199}.Debug|Any CPU.ActiveCfg = Debug|Any CPU
		{2A5D183B-3703-4527-B244-E93DCFAE8199}.Debug|Any CPU.Build.0 = Debug|Any CPU
		{2A5D183B-3703-4527-B244-E93DCFAE8199}.Release|Any CPU.ActiveCfg = Release|Any CPU
		{2A5D183B-3703-4527-B244-E93DCFAE8199}.Release|Any CPU.Build.0 = Release|Any CPU
		{134500E0-E2C6-41F2-AD98-421600339011}.Debug|Any CPU.ActiveCfg = Debug|Any CPU
		{134500E0-E2C6-41F2-AD98-421600339011}.Debug|Any CPU.Build.0 = Debug|Any CPU
		{134500E0-E2C6-41F2-AD98-421600339011}.Release|Any CPU.ActiveCfg = Release|Any CPU
		{134500E0-E2C6-41F2-AD98-421600339011}.Release|Any CPU.Build.0 = Release|Any CPU
	EndGlobalSection
	GlobalSection(SolutionProperties) = preSolution
		HideSolutionNode = FALSE
	EndGlobalSection
	GlobalSection(ExtensibilityGlobals) = postSolution
		SolutionGuid = {A3F9D78A-083E-46B9-AB56-652C76DF3CB3}
	EndGlobalSection
EndGlobal
